Microsoft Visual Studio Solution File, Format Version 12.00
# Visual Studio Version 17
VisualStudioVersion = 17.13.35931.197
MinimumVisualStudioVersion = 10.0.40219.1
Project("{FAE04EC0-301F-11D3-BF4B-00C04F79EFBC}") = "Semana3", "Semana3\Semana3.csproj", "{EC783539-B11A-4113-8F21-657C0654E3BD}"
EndProject
Project("{FAE04EC0-301F-11D3-BF4B-00C04F79EFBC}") = "Semana4", "Semana4\Semana4.csproj", "{D91A5B8E-5A17-462C-8CC7-2E72120B23B3}"
EndProject
Project("{FAE04EC0-301F-11D3-BF4B-00C04F79EFBC}") = "Semana5", "Semana5\Semana5.csproj", "{BA3CD2BE-3833-4D91-A338-DBE290F4C4F8}"
EndProject
Project("{FAE04EC0-301F-11D3-BF4B-00C04F79EFBC}") = "Semana6", "Semana6\Semana6.csproj", "{30251F04-7CC4-4845-876D-2FCBF432A512}"
EndProject
Project("{FAE04EC0-301F-11D3-BF4B-00C04F79EFBC}") = "Semana7", "Semana7\Semana7.csproj", "{9E978F1C-025F-4719-B97B-51E475BD7DDF}"
EndProject
Project("{FAE04EC0-301F-11D3-BF4B-00C04F79EFBC}") = "Semana8", "Semana8\Semana8.csproj", "{8917033F-4304-4DFD-9DE4-31F054555E9D}"
EndProject
Project("{FAE04EC0-301F-11D3-BF4B-00C04F79EFBC}") = "Semana8.5", "Semana8.5\Semana8.5.csproj", "{CC5E4576-FD13-4AC9-9195-B27EB920FFE0}"
EndProject
Project("{FAE04EC0-301F-11D3-BF4B-00C04F79EFBC}") = "Semana9", "Semana9\Semana9.csproj", "{0DD3C410-6221-478C-B52E-2047E224CE1F}"
EndProject
Project("{FAE04EC0-301F-11D3-BF4B-00C04F79EFBC}") = "Biblioteca", "Biblioteca\Biblioteca.csproj", "{ED259647-B810-4024-976C-0D942FC2E74A}"
EndProject
Project("{FAE04EC0-301F-11D3-BF4B-00C04F79EFBC}") = "Semana10", "Semana10\Semana10.csproj", "{6E3EF095-483D-4E2C-BA3D-459AD81BB573}"
EndProject
Project("{FAE04EC0-301F-11D3-BF4B-00C04F79EFBC}") = "Semana11", "Semana11\Semana11.csproj", "{49FC306F-A4FD-4F45-9D32-80561F316376}"
EndProject
Project("{FAE04EC0-301F-11D3-BF4B-00C04F79EFBC}") = "Semana12", "Semana12\Semana12.csproj", "{B599C738-5E0C-4ABC-B224-4875D205DBD7}"
EndProject
Project("{FAE04EC0-301F-11D3-BF4B-00C04F79EFBC}") = "Semana13", "Semana13\Semana13.csproj", "{2A8C6138-CAF5-4E82-B5F5-8B54C5F937E8}"
EndProject
Global
	GlobalSection(SolutionConfigurationPlatforms) = preSolution
		Debug|Any CPU = Debug|Any CPU
		Release|Any CPU = Release|Any CPU
	EndGlobalSection
	GlobalSection(ProjectConfigurationPlatforms) = postSolution
		{EC783539-B11A-4113-8F21-657C0654E3BD}.Debug|Any CPU.ActiveCfg = Debug|Any CPU
		{EC783539-B11A-4113-8F21-657C0654E3BD}.Debug|Any CPU.Build.0 = Debug|Any CPU
		{EC783539-B11A-4113-8F21-657C0654E3BD}.Release|Any CPU.ActiveCfg = Release|Any CPU
		{EC783539-B11A-4113-8F21-657C0654E3BD}.Release|Any CPU.Build.0 = Release|Any CPU
		{D91A5B8E-5A17-462C-8CC7-2E72120B23B3}.Debug|Any CPU.ActiveCfg = Debug|Any CPU
		{D91A5B8E-5A17-462C-8CC7-2E72120B23B3}.Debug|Any CPU.Build.0 = Debug|Any CPU
		{D91A5B8E-5A17-462C-8CC7-2E72120B23B3}.Release|Any CPU.ActiveCfg = Release|Any CPU
		{D91A5B8E-5A17-462C-8CC7-2E72120B23B3}.Release|Any CPU.Build.0 = Release|Any CPU
		{BA3CD2BE-3833-4D91-A338-DBE290F4C4F8}.Debug|Any CPU.ActiveCfg = Debug|Any CPU
		{BA3CD2BE-3833-4D91-A338-DBE290F4C4F8}.Debug|Any CPU.Build.0 = Debug|Any CPU
		{BA3CD2BE-3833-4D91-A338-DBE290F4C4F8}.Release|Any CPU.ActiveCfg = Release|Any CPU
		{BA3CD2BE-3833-4D91-A338-DBE290F4C4F8}.Release|Any CPU.Build.0 = Release|Any CPU
		{30251F04-7CC4-4845-876D-2FCBF432A512}.Debug|Any CPU.ActiveCfg = Debug|Any CPU
		{30251F04-7CC4-4845-876D-2FCBF432A512}.Debug|Any CPU.Build.0 = Debug|Any CPU
		{30251F04-7CC4-4845-876D-2FCBF432A512}.Release|Any CPU.ActiveCfg = Release|Any CPU
		{30251F04-7CC4-4845-876D-2FCBF432A512}.Release|Any CPU.Build.0 = Release|Any CPU
		{9E978F1C-025F-4719-B97B-51E475BD7DDF}.Debug|Any CPU.ActiveCfg = Debug|Any CPU
		{9E978F1C-025F-4719-B97B-51E475BD7DDF}.Debug|Any CPU.Build.0 = Debug|Any CPU
		{9E978F1C-025F-4719-B97B-51E475BD7DDF}.Release|Any CPU.ActiveCfg = Release|Any CPU
		{9E978F1C-025F-4719-B97B-51E475BD7DDF}.Release|Any CPU.Build.0 = Release|Any CPU
		{8917033F-4304-4DFD-9DE4-31F054555E9D}.Debug|Any CPU.ActiveCfg = Debug|Any CPU
		{8917033F-4304-4DFD-9DE4-31F054555E9D}.Debug|Any CPU.Build.0 = Debug|Any CPU
		{8917033F-4304-4DFD-9DE4-31F054555E9D}.Release|Any CPU.ActiveCfg = Release|Any CPU
		{8917033F-4304-4DFD-9DE4-31F054555E9D}.Release|Any CPU.Build.0 = Release|Any CPU
		{CC5E4576-FD13-4AC9-9195-B27EB920FFE0}.Debug|Any CPU.ActiveCfg = Debug|Any CPU
		{CC5E4576-FD13-4AC9-9195-B27EB920FFE0}.Debug|Any CPU.Build.0 = Debug|Any CPU
		{CC5E4576-FD13-4AC9-9195-B27EB920FFE0}.Release|Any CPU.ActiveCfg = Release|Any CPU
		{CC5E4576-FD13-4AC9-9195-B27EB920FFE0}.Release|Any CPU.Build.0 = Release|Any CPU
		{0DD3C410-6221-478C-B52E-2047E224CE1F}.Debug|Any CPU.ActiveCfg = Debug|Any CPU
		{0DD3C410-6221-478C-B52E-2047E224CE1F}.Debug|Any CPU.Build.0 = Debug|Any CPU
		{0DD3C410-6221-478C-B52E-2047E224CE1F}.Release|Any CPU.ActiveCfg = Release|Any CPU
		{0DD3C410-6221-478C-B52E-2047E224CE1F}.Release|Any CPU.Build.0 = Release|Any CPU
		{ED259647-B810-4024-976C-0D942FC2E74A}.Debug|Any CPU.ActiveCfg = Debug|Any CPU
		{ED259647-B810-4024-976C-0D942FC2E74A}.Debug|Any CPU.Build.0 = Debug|Any CPU
		{ED259647-B810-4024-976C-0D942FC2E74A}.Release|Any CPU.ActiveCfg = Release|Any CPU
		{ED259647-B810-4024-976C-0D942FC2E74A}.Release|Any CPU.Build.0 = Release|Any CPU
		{6E3EF095-483D-4E2C-BA3D-459AD81BB573}.Debug|Any CPU.ActiveCfg = Debug|Any CPU
		{6E3EF095-483D-4E2C-BA3D-459AD81BB573}.Debug|Any CPU.Build.0 = Debug|Any CPU
		{6E3EF095-483D-4E2C-BA3D-459AD81BB573}.Release|Any CPU.ActiveCfg = Release|Any CPU
		{6E3EF095-483D-4E2C-BA3D-459AD81BB573}.Release|Any CPU.Build.0 = Release|Any CPU
		{49FC306F-A4FD-4F45-9D32-80561F316376}.Debug|Any CPU.ActiveCfg = Debug|Any CPU
		{49FC306F-A4FD-4F45-9D32-80561F316376}.Debug|Any CPU.Build.0 = Debug|Any CPU
		{49FC306F-A4FD-4F45-9D32-80561F316376}.Release|Any CPU.ActiveCfg = Release|Any CPU
		{49FC306F-A4FD-4F45-9D32-80561F316376}.Release|Any CPU.Build.0 = Release|Any CPU
		{B599C738-5E0C-4ABC-B224-4875D205DBD7}.Debug|Any CPU.ActiveCfg = Debug|Any CPU
		{B599C738-5E0C-4ABC-B224-4875D205DBD7}.Debug|Any CPU.Build.0 = Debug|Any CPU
		{B599C738-5E0C-4ABC-B224-4875D205DBD7}.Release|Any CPU.ActiveCfg = Release|Any CPU
		{B599C738-5E0C-4ABC-B224-4875D205DBD7}.Release|Any CPU.Build.0 = Release|Any CPU
		{2A8C6138-CAF5-4E82-B5F5-8B54C5F937E8}.Debug|Any CPU.ActiveCfg = Debug|Any CPU
		{2A8C6138-CAF5-4E82-B5F5-8B54C5F937E8}.Debug|Any CPU.Build.0 = Debug|Any CPU
		{2A8C6138-CAF5-4E82-B5F5-8B54C5F937E8}.Release|Any CPU.ActiveCfg = Release|Any CPU
		{2A8C6138-CAF5-4E82-B5F5-8B54C5F937E8}.Release|Any CPU.Build.0 = Release|Any CPU
	EndGlobalSection
	GlobalSection(SolutionProperties) = preSolution
		HideSolutionNode = FALSE
	EndGlobalSection
	GlobalSection(ExtensibilityGlobals) = postSolution
		SolutionGuid = {153C7432-D920-4B64-BE0C-24C272284BCD}
	EndGlobalSection
EndGlobal
